<?xml version="1.0" encoding="utf-8"?>
<Project ToolsVersion="4.0" xmlns="http://schemas.microsoft.com/developer/msbuild/2003">
  <ItemGroup>
    <Filter Include="Assets">
      <UniqueIdentifier>dc099b97-db68-4655-ab9f-e91b83bac30b</UniqueIdentifier>
      <Extensions>ico;cur;bmp;dds;dlg;fbx;rct;bin;rgs;gif;jpg;jpeg;jpe;resx;tga;tiff;tif;png;wav;mfcribbon-ms</Extensions>
    </Filter>
  </ItemGroup>
  <ItemGroup>
    <Manifest Include="settings.manifest">
      <Filter>Assets</Filter>
    </Manifest>
  </ItemGroup>
  <ItemGroup>
    <ClInclude Include="Src\Game.h" />
    <ClInclude Include="Src\pch.h" />
    <ClInclude Include="Src\StepTimer.h" />
  </ItemGroup>
  <ItemGroup>
    <ClCompile Include="Src\Main.cpp" />
    <ClCompile Include="Src\pch.cpp" />
    <ClCompile Include="Src\Game.cpp" />
  </ItemGroup>
  <ItemGroup>
    <ResourceCompile Include="Src\resource.rc" />
  </ItemGroup>
  <ItemGroup>
    <Image Include="Resources\planet.ico">
      <Filter>Assets</Filter>
    </Image>
  </ItemGroup>
  <ItemGroup>
    <None Include="packages.config" />
  </ItemGroup>
</Project>