<?xml version="1.0" encoding="utf-8"?>
<Project ToolsVersion="4.0" xmlns="http://schemas.microsoft.com/developer/msbuild/2003">
  <ItemGroup>
    <Filter Include="Assets">
      <UniqueIdentifier>dc099b97-db68-4655-ab9f-e91b83bac30b</UniqueIdentifier>
      <Extensions>ico;cur;bmp;dds;dlg;fbx;rct;bin;rgs;gif;jpg;jpeg;jpe;resx;tga;tiff;tif;png;wav;mfcribbon-ms</Extensions>
    </Filter>
    <Filter Include="Body">
      <UniqueIdentifier>{941ed555-e1ef-4956-a559-4d3337657053}</UniqueIdentifier>
    </Filter>
    <Filter Include="Render">
      <UniqueIdentifier>{a3282129-a0eb-426c-93d2-7ecd4d3c8d02}</UniqueIdentifier>
    </Filter>
    <Filter Include="Client">
      <UniqueIdentifier>{2157a103-813c-46c7-a3df-df75d5db6feb}</UniqueIdentifier>
    </Filter>
    <Filter Include="Render\SphericalQuadTreeTerrain">
      <UniqueIdentifier>{2227b7a5-b18d-4cc1-94af-63be7b5aa08e}</UniqueIdentifier>
    </Filter>
    <Filter Include="Physics">
      <UniqueIdentifier>{51afea56-f7cb-46ec-a8d1-30ebc7eb9a77}</UniqueIdentifier>
    </Filter>
    <Filter Include="Render\DirectX">
      <UniqueIdentifier>{df2a4e47-6406-4632-ba0d-b46e900bae62}</UniqueIdentifier>
    </Filter>
    <Filter Include="Shaders">
      <UniqueIdentifier>{f2c13dd2-f616-4675-adc2-d472667b665a}</UniqueIdentifier>
    </Filter>
    <Filter Include="Scene">
      <UniqueIdentifier>{eed66be2-c23a-48a4-afcf-8dbce1a89a3a}</UniqueIdentifier>
    </Filter>
    <Filter Include="Utils">
      <UniqueIdentifier>{4098630d-44df-4f13-8a9c-116931a0b7f5}</UniqueIdentifier>
    </Filter>
    <Filter Include="Render\Atmosphere">
      <UniqueIdentifier>{dd23a4cf-0365-4a4b-a838-3ffbd19247c3}</UniqueIdentifier>
    </Filter>
    <Filter Include="Render\Body">
      <UniqueIdentifier>{6806604f-31af-47b8-b8eb-395b237d1dd8}</UniqueIdentifier>
    </Filter>
    <Filter Include="Noise">
      <UniqueIdentifier>{d62e84ce-a073-4e4b-9ba9-1962e6d2a730}</UniqueIdentifier>
    </Filter>
  </ItemGroup>
  <ItemGroup>
    <Manifest Include="settings.manifest">
      <Filter>Assets</Filter>
    </Manifest>
  </ItemGroup>
  <ItemGroup>
    <ClInclude Include="Src\StepTimer.h">
      <Filter>Client</Filter>
    </ClInclude>
    <ClInclude Include="Src\Game.h">
      <Filter>Client</Filter>
    </ClInclude>
    <ClInclude Include="Inc\Body\IBody.hpp">
      <Filter>Body</Filter>
    </ClInclude>
    <ClInclude Include="Inc\Body\IPlanet.hpp">
      <Filter>Body</Filter>
    </ClInclude>
    <ClInclude Include="Inc\GalacticEngine.hpp" />
    <ClInclude Include="Inc\Body\Planet.hpp">
      <Filter>Body</Filter>
    </ClInclude>
    <ClInclude Include="Inc\pch.h" />
    <ClInclude Include="Inc\Render\IRenderable.hpp">
      <Filter>Render</Filter>
    </ClInclude>
    <ClInclude Include="Inc\Render\SphericalQuadTreeTerrain\SphericalQuadTreeTerrain.hpp">
      <Filter>Render\SphericalQuadTreeTerrain</Filter>
    </ClInclude>
    <ClInclude Include="Inc\Physics\Constants.hpp">
      <Filter>Physics</Filter>
    </ClInclude>
    <ClInclude Include="Inc\Render\SphericalQuadTreeTerrain\TerrainNode.hpp">
      <Filter>Render\SphericalQuadTreeTerrain</Filter>
    </ClInclude>
    <ClInclude Include="Inc\Render\SphericalQuadTreeTerrain\ISphericalTerrain.hpp">
      <Filter>Render\SphericalQuadTreeTerrain</Filter>
    </ClInclude>
    <ClInclude Include="Inc\Render\DirectX\Effect.hpp">
      <Filter>Render\DirectX</Filter>
    </ClInclude>
    <ClInclude Include="Inc\Render\DirectX\ConstantBuffer.hpp">
      <Filter>Render\DirectX</Filter>
    </ClInclude>
    <ClInclude Include="Inc\Render\Drawable.hpp">
      <Filter>Render</Filter>
    </ClInclude>
    <ClInclude Include="Inc\FastNoise\FastNoise.h">
      <Filter>Noise</Filter>
    </ClInclude>
    <ClInclude Include="Inc\Render\Cube.hpp">
      <Filter>Render</Filter>
    </ClInclude>
    <ClInclude Include="Inc\Render\Gradient.hpp">
      <Filter>Render</Filter>
    </ClInclude>
    <ClInclude Include="Inc\Scene\IStarSystem.hpp">
      <Filter>Scene</Filter>
    </ClInclude>
    <ClInclude Include="Inc\Scene\ILightSource.hpp">
      <Filter>Scene</Filter>
    </ClInclude>
    <ClInclude Include="Inc\Scene\SimpleStarSystem.hpp">
      <Filter>Scene</Filter>
    </ClInclude>
    <ClInclude Include="Inc\Body\IStar.hpp">
      <Filter>Body</Filter>
    </ClInclude>
    <ClInclude Include="Inc\Body\Star.hpp">
      <Filter>Body</Filter>
    </ClInclude>
    <ClInclude Include="Inc\Utils\Shapes.hpp">
      <Filter>Utils</Filter>
    </ClInclude>
    <ClInclude Include="Inc\Render\Billboard.hpp">
      <Filter>Render</Filter>
    </ClInclude>
    <ClInclude Include="Inc\Physics\Gravity.hpp">
      <Filter>Physics</Filter>
    </ClInclude>
    <ClInclude Include="Inc\Physics\Orbits.hpp">
      <Filter>Physics</Filter>
    </ClInclude>
    <ClInclude Include="Inc\Utils\PlanetGenerator.hpp">
      <Filter>Utils</Filter>
    </ClInclude>
    <ClInclude Include="Inc\Utils\Random.hpp">
      <Filter>Utils</Filter>
    </ClInclude>
    <ClInclude Include="Inc\Scene\Camera.hpp">
      <Filter>Scene</Filter>
    </ClInclude>
    <ClInclude Include="Inc\Render\SimpleAtmosphere.hpp">
      <Filter>Render\Atmosphere</Filter>
    </ClInclude>
    <ClInclude Include="Inc\Render\ScatteredAtmosphere.hpp">
      <Filter>Render\Atmosphere</Filter>
    </ClInclude>
    <ClInclude Include="Inc\Render\PlanetRendererFactory.hpp">
      <Filter>Render\Body</Filter>
    </ClInclude>
    <ClInclude Include="Inc\Render\PlanetRendererHigh.hpp">
      <Filter>Render\Body</Filter>
    </ClInclude>
    <ClInclude Include="Inc\Render\PlanetRendererLow.hpp">
      <Filter>Render\Body</Filter>
    </ClInclude>
    <ClInclude Include="Inc\Render\PlanetRendererMed.hpp">
      <Filter>Render\Body</Filter>
    </ClInclude>
    <ClInclude Include="Inc\Render\IPlanetRenderer.hpp">
      <Filter>Render\Body</Filter>
    </ClInclude>
    <ClInclude Include="Inc\Render\IAtmosphereRenderer.hpp">
      <Filter>Render\Atmosphere</Filter>
    </ClInclude>
    <ClInclude Include="Inc\Render\SimpleStarRenderer.hpp">
      <Filter>Render\Body</Filter>
    </ClInclude>
    <ClInclude Include="Inc\Render\StarRendererFactory.hpp">
      <Filter>Render\Body</Filter>
    </ClInclude>
    <ClInclude Include="Inc\Render\IStarRenderer.hpp">
      <Filter>Render\Body</Filter>
    </ClInclude>
    <ClInclude Include="Inc\Render\Scatter.hpp">
      <Filter>Render\Atmosphere</Filter>
    </ClInclude>
    <ClInclude Include="Inc\Noise\Biome.hpp">
      <Filter>Noise</Filter>
    </ClInclude>
  </ItemGroup>
  <ItemGroup>
    <ClCompile Include="Src\Game.cpp">
      <Filter>Client</Filter>
    </ClCompile>
    <ClCompile Include="Src\Main.cpp">
      <Filter>Client</Filter>
    </ClCompile>
    <ClCompile Include="Src\GalacticEngine.cpp" />
    <ClCompile Include="Src\Body\Planet.cpp">
      <Filter>Body</Filter>
    </ClCompile>
    <ClCompile Include="Src\pch.cpp" />
    <ClCompile Include="Src\Render\SphericalQuadTreeTerrain\SphericalQuadTreeTerrain.cpp">
      <Filter>Render\SphericalQuadTreeTerrain</Filter>
    </ClCompile>
    <ClCompile Include="Src\Render\SphericalQuadTreeTerrain\TerrainNode.cpp">
      <Filter>Render\SphericalQuadTreeTerrain</Filter>
    </ClCompile>
    <ClCompile Include="Src\Render\DirectX\Effect.cpp">
      <Filter>Render\DirectX</Filter>
    </ClCompile>
    <ClCompile Include="Src\Render\Cube.cpp">
      <Filter>Render</Filter>
    </ClCompile>
    <ClCompile Include="Src\Render\Gradient.cpp">
      <Filter>Render</Filter>
    </ClCompile>
    <ClCompile Include="Src\Scene\SimpleStarSystem.cpp">
      <Filter>Scene</Filter>
    </ClCompile>
    <ClCompile Include="Src\Body\Star.cpp">
      <Filter>Body</Filter>
    </ClCompile>
    <ClCompile Include="Src\Utils\Shapes.cpp">
      <Filter>Utils</Filter>
    </ClCompile>
    <ClCompile Include="Src\Render\Billboard.cpp">
      <Filter>Render</Filter>
    </ClCompile>
    <ClCompile Include="Src\Physics\Gravity.cpp">
      <Filter>Physics</Filter>
    </ClCompile>
    <ClCompile Include="Src\Physics\Orbits.cpp">
      <Filter>Physics</Filter>
    </ClCompile>
    <ClCompile Include="Src\Utils\PlanetGenerator.cpp">
      <Filter>Utils</Filter>
    </ClCompile>
    <ClCompile Include="Src\Scene\Camera.cpp">
      <Filter>Scene</Filter>
    </ClCompile>
    <ClCompile Include="Src\Render\ScatteredAtmosphere.cpp">
      <Filter>Render\Atmosphere</Filter>
    </ClCompile>
    <ClCompile Include="Src\Render\SimpleAtmosphere.cpp">
      <Filter>Render\Atmosphere</Filter>
    </ClCompile>
    <ClCompile Include="Src\Render\PlanetRendererHigh.cpp">
      <Filter>Render\Body</Filter>
    </ClCompile>
    <ClCompile Include="Src\Render\PlanetRendererLow.cpp">
      <Filter>Render\Body</Filter>
    </ClCompile>
    <ClCompile Include="Src\Render\PlanetRendererMed.cpp">
      <Filter>Render\Body</Filter>
    </ClCompile>
    <ClCompile Include="Src\Render\SimpleStarRenderer.cpp">
      <Filter>Render\Body</Filter>
    </ClCompile>
    <ClCompile Include="Src\Noise\Biome.cpp">
      <Filter>Noise</Filter>
    </ClCompile>
    <ClCompile Include="Src\Noise\FastNoise.cpp">
      <Filter>Noise</Filter>
    </ClCompile>
  </ItemGroup>
  <ItemGroup>
    <Image Include="Resources\planet.ico">
      <Filter>Assets</Filter>
    </Image>
  </ItemGroup>
  <ItemGroup>
    <None Include="packages.config">
      <Filter>Client</Filter>
    </None>
  </ItemGroup>
  <ItemGroup>
    <ResourceCompile Include="Src\resource.rc">
      <Filter>Client</Filter>
    </ResourceCompile>
  </ItemGroup>
  <ItemGroup>
    <FxCompile Include="Shaders\AtmosphereVS.fx">
      <Filter>Shaders</Filter>
    </FxCompile>
    <FxCompile Include="Shaders\AtmospherePS.fx">
      <Filter>Shaders</Filter>
    </FxCompile>
  </ItemGroup>
</Project>